
Microsoft Visual Studio Solution File, Format Version 12.00
# Visual Studio 15
VisualStudioVersion = 15.0.26430.12
MinimumVisualStudioVersion = 10.0.40219.1
Project("{FAE04EC0-301F-11D3-BF4B-00C04F79EFBC}") = "Raptor", "Raptor\Raptor.csproj", "{BB680DF3-3E4B-402A-BABB-586652CFB854}"
EndProject
Project("{FAE04EC0-301F-11D3-BF4B-00C04F79EFBC}") = "RaptorShock", "RaptorShock\RaptorShock.csproj", "{036BC49A-AC71-409C-8A90-F8A9B9551600}"
EndProject
Global
	GlobalSection(SolutionConfigurationPlatforms) = preSolution
		Debug|Any CPU = Debug|Any CPU
		Debug|x86 = Debug|x86
		Release|Any CPU = Release|Any CPU
		Release|x86 = Release|x86
	EndGlobalSection
	GlobalSection(ProjectConfigurationPlatforms) = postSolution
		{BB680DF3-3E4B-402A-BABB-586652CFB854}.Debug|Any CPU.ActiveCfg = Debug|Any CPU
		{BB680DF3-3E4B-402A-BABB-586652CFB854}.Debug|Any CPU.Build.0 = Debug|Any CPU
		{BB680DF3-3E4B-402A-BABB-586652CFB854}.Debug|x86.ActiveCfg = Debug|Any CPU
		{BB680DF3-3E4B-402A-BABB-586652CFB854}.Debug|x86.Build.0 = Debug|Any CPU
		{BB680DF3-3E4B-402A-BABB-586652CFB854}.Release|Any CPU.ActiveCfg = Release|Any CPU
		{BB680DF3-3E4B-402A-BABB-586652CFB854}.Release|Any CPU.Build.0 = Release|Any CPU
		{BB680DF3-3E4B-402A-BABB-586652CFB854}.Release|x86.ActiveCfg = Release|Any CPU
		{BB680DF3-3E4B-402A-BABB-586652CFB854}.Release|x86.Build.0 = Release|Any CPU
		{036BC49A-AC71-409C-8A90-F8A9B9551600}.Debug|Any CPU.ActiveCfg = Debug|Any CPU
		{036BC49A-AC71-409C-8A90-F8A9B9551600}.Debug|Any CPU.Build.0 = Debug|Any CPU
		{036BC49A-AC71-409C-8A90-F8A9B9551600}.Debug|x86.ActiveCfg = Debug|Any CPU
		{036BC49A-AC71-409C-8A90-F8A9B9551600}.Debug|x86.Build.0 = Debug|Any CPU
		{036BC49A-AC71-409C-8A90-F8A9B9551600}.Release|Any CPU.ActiveCfg = Release|Any CPU
		{036BC49A-AC71-409C-8A90-F8A9B9551600}.Release|Any CPU.Build.0 = Release|Any CPU
		{036BC49A-AC71-409C-8A90-F8A9B9551600}.Release|x86.ActiveCfg = Release|Any CPU
		{036BC49A-AC71-409C-8A90-F8A9B9551600}.Release|x86.Build.0 = Release|Any CPU
	EndGlobalSection
	GlobalSection(SolutionProperties) = preSolution
		HideSolutionNode = FALSE
	EndGlobalSection
EndGlobal
